// !$*UTF8*$!
{
	archiveVersion = 1;
	classes = {
	};
	objectVersion = 77;
	objects = {

/* Begin PBXBuildFile section */
		DA00000000000000000000F2 /* whisper.xcframework in Frameworks */ = {isa = PBXBuildFile; fileRef = DA00000000000000000000F1 /* whisper.xcframework */; };
/* End PBXBuildFile section */

/* Begin PBXContainerItemProxy section */
		DA0000000000000000000071 /* PBXContainerItemProxy */ = {
			isa = PBXContainerItemProxy;
			containerPortal = DA0000000000000000000001 /* Project object */;
			proxyType = 1;
			remoteGlobalIDString = DA0000000000000000000010;
			remoteInfo = DMRandevuGaleri;
		};
		DA0000000000000000000031 /* PBXContainerItemProxy */ = {
			isa = PBXContainerItemProxy;
			containerPortal = DA0000000000000000000001 /* Project object */;
			proxyType = 1;
			remoteGlobalIDString = DA0000000000000000000010;
			remoteInfo = DMRandevuGaleri;
		};
/* End PBXContainerItemProxy section */

/* Begin PBXFileReference section */
		DA00000000000000000000F1 /* whisper.xcframework */ = {isa = PBXFileReference; lastKnownFileType = wrapper.xcframework; name = whisper.xcframework; path = Frameworks/whisper.xcframework; sourceTree = "<group>"; };
		DA0000000000000000000011 /* DMRandevuGaleri.app */ = {isa = PBXFileReference; explicitFileType = wrapper.application; includeInIndex = 0; path = DMRandevuGaleri.app; sourceTree = BUILT_PRODUCTS_DIR; };
		DA0000000000000000000021 /* DMRandevuGaleriTests.xctest */ = {isa = PBXFileReference; explicitFileType = wrapper.cfbundle; includeInIndex = 0; path = DMRandevuGaleriTests.xctest; sourceTree = BUILT_PRODUCTS_DIR; };
		DA0000000000000000000072 /* DMRandevuGaleriUITests.xctest */ = {isa = PBXFileReference; explicitFileType = wrapper.cfbundle; includeInIndex = 0; path = DMRandevuGaleriUITests.xctest; sourceTree = BUILT_PRODUCTS_DIR; };
/* End PBXFileReference section */

/* Begin PBXFileSystemSynchronizedBuildFileExceptionSet section */
		DA0000000000000000000041 /* Exceptions for "DMRandevuGaleri" folder in "DMRandevuGaleri" target */ = {
			isa = PBXFileSystemSynchronizedBuildFileExceptionSet;
			membershipExceptions = (
				Info.plist,
			);
			target = DA0000000000000000000010 /* DMRandevuGaleri */;
		};
/* End PBXFileSystemSynchronizedBuildFileExceptionSet section */

/* Begin PBXFileSystemSynchronizedRootGroup section */
		DA0000000000000000000012 /* DMRandevuGaleri */ = {
			isa = PBXFileSystemSynchronizedRootGroup;
			exceptions = (
				DA0000000000000000000041 /* Exceptions for "DMRandevuGaleri" folder in "DMRandevuGaleri" target */,
			);
			path = DMRandevuGaleri;
			sourceTree = "<group>";
		};
		DA0000000000000000000022 /* DMRandevuGaleriTests */ = {
			isa = PBXFileSystemSynchronizedRootGroup;
			path = DMRandevuGaleriTests;
			sourceTree = "<group>";
		};
		DA0000000000000000000073 /* DMRandevuGaleriUITests */ = {
			isa = PBXFileSystemSynchronizedRootGroup;
			path = DMRandevuGaleriUITests;
			sourceTree = "<group>";
		};
/* End PBXFileSystemSynchronizedRootGroup section */

/* Begin PBXFrameworksBuildPhase section */
		DA0000000000000000000013 /* Frameworks */ = {
			isa = PBXFrameworksBuildPhase;
			buildActionMask = 2147483647;
			files = (
				DA00000000000000000000F2 /* whisper.xcframework in Frameworks */,
			);
			runOnlyForDeploymentPostprocessing = 0;
		};
		DA0000000000000000000023 /* Frameworks */ = {
			isa = PBXFrameworksBuildPhase;
			buildActionMask = 2147483647;
			files = (
			);
			runOnlyForDeploymentPostprocessing = 0;
		};
		DA0000000000000000000074 /* Frameworks */ = {
			isa = PBXFrameworksBuildPhase;
			buildActionMask = 2147483647;
			files = (
			);
			runOnlyForDeploymentPostprocessing = 0;
		};
/* End PBXFrameworksBuildPhase section */

/* Begin PBXGroup section */
		DA00000000000000000000F3 /* Frameworks */ = {
			isa = PBXGroup;
			children = (
				DA00000000000000000000F1 /* whisper.xcframework */,
			);
			name = Frameworks;
			sourceTree = "<group>";
		};
		DA0000000000000000000002 = {
			isa = PBXGroup;
			children = (
				DA0000000000000000000012 /* DMRandevuGaleri */,
				DA0000000000000000000022 /* DMRandevuGaleriTests */,
				DA0000000000000000000073 /* DMRandevuGaleriUITests */,
				DA0000000000000000000003 /* Products */,
				DA00000000000000000000F3 /* Frameworks */,
			);
			sourceTree = "<group>";
		};
		DA0000000000000000000003 /* Products */ = {
			isa = PBXGroup;
			children = (
				DA0000000000000000000011 /* DMRandevuGaleri.app */,
				DA0000000000000000000021 /* DMRandevuGaleriTests.xctest */,
				DA0000000000000000000072 /* DMRandevuGaleriUITests.xctest */,
			);
			name = Products;
			sourceTree = "<group>";
		};
/* End PBXGroup section */

/* Begin PBXNativeTarget section */
		DA0000000000000000000010 /* DMRandevuGaleri */ = {
			isa = PBXNativeTarget;
			buildConfigurationList = DA0000000000000000000051 /* Build configuration list for PBXNativeTarget "DMRandevuGaleri" */;
			buildPhases = (
				DA0000000000000000000014 /* Sources */,
				DA0000000000000000000013 /* Frameworks */,
				DA0000000000000000000015 /* Resources */,
			);
			buildRules = (
			);
			dependencies = (
			);
			fileSystemSynchronizedGroups = (
				DA0000000000000000000012 /* DMRandevuGaleri */,
			);
			name = DMRandevuGaleri;
			packageProductDependencies = (
			);
			productName = DMRandevuGaleri;
			productReference = DA0000000000000000000011 /* DMRandevuGaleri.app */;
			productType = "com.apple.product-type.application";
		};
		DA0000000000000000000020 /* DMRandevuGaleriTests */ = {
			isa = PBXNativeTarget;
			buildConfigurationList = DA0000000000000000000052 /* Build configuration list for PBXNativeTarget "DMRandevuGaleriTests" */;
			buildPhases = (
				DA0000000000000000000024 /* Sources */,
				DA0000000000000000000023 /* Frameworks */,
				DA0000000000000000000025 /* Resources */,
			);
			buildRules = (
			);
			dependencies = (
				DA0000000000000000000032 /* PBXTargetDependency */,
			);
			fileSystemSynchronizedGroups = (
				DA0000000000000000000022 /* DMRandevuGaleriTests */,
			);
			name = DMRandevuGaleriTests;
			packageProductDependencies = (
			);
			productName = DMRandevuGaleriTests;
			productReference = DA0000000000000000000021 /* DMRandevuGaleriTests.xctest */;
			productType = "com.apple.product-type.bundle.unit-test";
		};
		DA0000000000000000000070 /* DMRandevuGaleriUITests */ = {
			isa = PBXNativeTarget;
			buildConfigurationList = DA0000000000000000000079 /* Build configuration list for PBXNativeTarget "DMRandevuGaleriUITests" */;
			buildPhases = (
				DA0000000000000000000075 /* Sources */,
				DA0000000000000000000074 /* Frameworks */,
				DA0000000000000000000076 /* Resources */,
			);
			buildRules = (
			);
			dependencies = (
				DA0000000000000000000077 /* PBXTargetDependency */,
			);
			fileSystemSynchronizedGroups = (
				DA0000000000000000000073 /* DMRandevuGaleriUITests */,
			);
			name = DMRandevuGaleriUITests;
			packageProductDependencies = (
			);
			productName = DMRandevuGaleriUITests;
			productReference = DA0000000000000000000072 /* DMRandevuGaleriUITests.xctest */;
			productType = "com.apple.product-type.bundle.ui-testing";
		};
/* End PBXNativeTarget section */

/* Begin PBXProject section */
		DA0000000000000000000001 /* Project object */ = {
			isa = PBXProject;
			attributes = {
				BuildIndependentTargetsInParallel = 1;
				LastSwiftUpdateCheck = 2640;
				LastUpgradeCheck = 2640;
				TargetAttributes = {
					DA0000000000000000000010 = {
						CreatedOnToolsVersion = 26.4.1;
					};
					DA0000000000000000000020 = {
						CreatedOnToolsVersion = 26.4.1;
						TestTargetID = DA0000000000000000000010;
					};
					DA0000000000000000000070 = {
						CreatedOnToolsVersion = 26.4.1;
						TestTargetID = DA0000000000000000000010;
					};
				};
			};
			buildConfigurationList = DA0000000000000000000050 /* Build configuration list for PBXProject "DMRandevuGaleri" */;
			developmentRegion = tr;
			hasScannedForEncodings = 0;
			knownRegions = (
				tr,
				Base,
			);
			mainGroup = DA0000000000000000000002;
			minimizedProjectReferenceProxies = 1;
			preferredProjectObjectVersion = 77;
			productRefGroup = DA0000000000000000000003 /* Products */;
			projectDirPath = "";
			projectRoot = "";
			targets = (
				DA0000000000000000000010 /* DMRandevuGaleri */,
				DA0000000000000000000020 /* DMRandevuGaleriTests */,
				DA0000000000000000000070 /* DMRandevuGaleriUITests */,
			);
		};
/* End PBXProject section */

/* Begin PBXResourcesBuildPhase section */
		DA0000000000000000000015 /* Resources */ = {
			isa = PBXResourcesBuildPhase;
			buildActionMask = 2147483647;
			files = (
			);
			runOnlyForDeploymentPostprocessing = 0;
		};
		DA0000000000000000000025 /* Resources */ = {
			isa = PBXResourcesBuildPhase;
			buildActionMask = 2147483647;
			files = (
			);
			runOnlyForDeploymentPostprocessing = 0;
		};
		DA0000000000000000000076 /* Resources */ = {
			isa = PBXResourcesBuildPhase;
			buildActionMask = 2147483647;
			files = (
			);
			runOnlyForDeploymentPostprocessing = 0;
		};
/* End PBXResourcesBuildPhase section */

/* Begin PBXSourcesBuildPhase section */
		DA0000000000000000000014 /* Sources */ = {
			isa = PBXSourcesBuildPhase;
			buildActionMask = 2147483647;
			files = (
			);
			runOnlyForDeploymentPostprocessing = 0;
		};
		DA0000000000000000000024 /* Sources */ = {
			isa = PBXSourcesBuildPhase;
			buildActionMask = 2147483647;
			files = (
			);
			runOnlyForDeploymentPostprocessing = 0;
		};
		DA0000000000000000000075 /* Sources */ = {
			isa = PBXSourcesBuildPhase;
			buildActionMask = 2147483647;
			files = (
			);
			runOnlyForDeploymentPostprocessing = 0;
		};
/* End PBXSourcesBuildPhase section */

/* Begin PBXTargetDependency section */
		DA0000000000000000000032 /* PBXTargetDependency */ = {
			isa = PBXTargetDependency;
			target = DA0000000000000000000010 /* DMRandevuGaleri */;
			targetProxy = DA0000000000000000000031 /* PBXContainerItemProxy */;
		};
		DA0000000000000000000077 /* PBXTargetDependency */ = {
			isa = PBXTargetDependency;
			target = DA0000000000000000000010 /* DMRandevuGaleri */;
			targetProxy = DA0000000000000000000071 /* PBXContainerItemProxy */;
		};
/* End PBXTargetDependency section */

/* Begin XCBuildConfiguration section */
		DA0000000000000000000060 /* Debug */ = {
			isa = XCBuildConfiguration;
			buildSettings = {
				ALWAYS_SEARCH_USER_PATHS = NO;
				ASSETCATALOG_COMPILER_GENERATE_SWIFT_ASSET_SYMBOL_EXTENSIONS = YES;
				CLANG_ANALYZER_NONNULL = YES;
				CLANG_ANALYZER_NUMBER_OBJECT_CONVERSION = YES_AGGRESSIVE;
				CLANG_ENABLE_MODULES = YES;
				CLANG_ENABLE_OBJC_ARC = YES;
				CLANG_ENABLE_OBJC_WEAK = YES;
				CLANG_WARN_BOOL_CONVERSION = YES;
				CLANG_WARN_CONSTANT_CONVERSION = YES;
				CLANG_WARN_DOCUMENTATION_COMMENTS = YES;
				CLANG_WARN_EMPTY_BODY = YES;
				CLANG_WARN_ENUM_CONVERSION = YES;
				CLANG_WARN_INFINITE_RECURSION = YES;
				CLANG_WARN_INT_CONVERSION = YES;
				CLANG_WARN_RANGE_LOOP_ANALYSIS = YES;
				CLANG_WARN_SUSPICIOUS_MOVE = YES;
				CLANG_WARN_UNGUARDED_AVAILABILITY = YES_AGGRESSIVE;
				CLANG_WARN_UNREACHABLE_CODE = YES;
				COPY_PHASE_STRIP = NO;
				DEBUG_INFORMATION_FORMAT = dwarf;
				DEVELOPMENT_TEAM = 7UR6VVU8UU;
				ENABLE_STRICT_OBJC_MSGSEND = YES;
				ENABLE_TESTABILITY = YES;
				ENABLE_USER_SCRIPT_SANDBOXING = YES;
				GCC_NO_COMMON_BLOCKS = YES;
				GCC_OPTIMIZATION_LEVEL = 0;
				GCC_PREPROCESSOR_DEFINITIONS = (
					"DEBUG=1",
					"$(inherited)",
				);
				GCC_WARN_ABOUT_RETURN_TYPE = YES_ERROR;
				GCC_WARN_UNINITIALIZED_AUTOS = YES_AGGRESSIVE;
				GCC_WARN_UNUSED_FUNCTION = YES;
				GCC_WARN_UNUSED_VARIABLE = YES;
				IPHONEOS_DEPLOYMENT_TARGET = 18.0;
				MTL_ENABLE_DEBUG_INFO = INCLUDE_SOURCE;
				MTL_FAST_MATH = YES;
				MTL_LANGUAGE_REVISION = UseDeploymentTarget;
				MTLLINKER_FLAGS = "-fcikernel";
				MTL_COMPILER_FLAGS = "-fcikernel";
				ONLY_ACTIVE_ARCH = YES;
				SDKROOT = iphoneos;
				SWIFT_ACTIVE_COMPILATION_CONDITIONS = "DEBUG $(inherited)";
				SWIFT_OPTIMIZATION_LEVEL = "-Onone";
			};
			name = Debug;
		};
		DA0000000000000000000061 /* Release */ = {
			isa = XCBuildConfiguration;
			buildSettings = {
				ALWAYS_SEARCH_USER_PATHS = NO;
				ASSETCATALOG_COMPILER_GENERATE_SWIFT_ASSET_SYMBOL_EXTENSIONS = YES;
				CLANG_ANALYZER_NONNULL = YES;
				CLANG_ANALYZER_NUMBER_OBJECT_CONVERSION = YES_AGGRESSIVE;
				CLANG_ENABLE_MODULES = YES;
				CLANG_ENABLE_OBJC_ARC = YES;
				CLANG_ENABLE_OBJC_WEAK = YES;
				CLANG_WARN_BOOL_CONVERSION = YES;
				CLANG_WARN_CONSTANT_CONVERSION = YES;
				CLANG_WARN_DOCUMENTATION_COMMENTS = YES;
				CLANG_WARN_EMPTY_BODY = YES;
				CLANG_WARN_ENUM_CONVERSION = YES;
				CLANG_WARN_INFINITE_RECURSION = YES;
				CLANG_WARN_INT_CONVERSION = YES;
				CLANG_WARN_RANGE_LOOP_ANALYSIS = YES;
				CLANG_WARN_SUSPICIOUS_MOVE = YES;
				CLANG_WARN_UNGUARDED_AVAILABILITY = YES_AGGRESSIVE;
				CLANG_WARN_UNREACHABLE_CODE = YES;
				COPY_PHASE_STRIP = NO;
				DEBUG_INFORMATION_FORMAT = "dwarf-with-dsym";
				DEVELOPMENT_TEAM = 7UR6VVU8UU;
				ENABLE_NS_ASSERTIONS = NO;
				ENABLE_STRICT_OBJC_MSGSEND = YES;
				ENABLE_USER_SCRIPT_SANDBOXING = YES;
				GCC_NO_COMMON_BLOCKS = YES;
				GCC_WARN_ABOUT_RETURN_TYPE = YES_ERROR;
				GCC_WARN_UNINITIALIZED_AUTOS = YES_AGGRESSIVE;
				GCC_WARN_UNUSED_FUNCTION = YES;
				GCC_WARN_UNUSED_VARIABLE = YES;
				IPHONEOS_DEPLOYMENT_TARGET = 18.0;
				MTL_ENABLE_DEBUG_INFO = NO;
				MTL_FAST_MATH = YES;
				MTL_LANGUAGE_REVISION = UseDeploymentTarget;
				MTLLINKER_FLAGS = "-fcikernel";
				MTL_COMPILER_FLAGS = "-fcikernel";
				SDKROOT = iphoneos;
				SWIFT_COMPILATION_MODE = wholemodule;
				VALIDATE_PRODUCT = YES;
			};
			name = Release;
		};
		DA0000000000000000000062 /* Debug */ = {
			isa = XCBuildConfiguration;
			buildSettings = {
				ASSETCATALOG_COMPILER_APPICON_NAME = AppIcon;
				ASSETCATALOG_COMPILER_GLOBAL_ACCENT_COLOR_NAME = AccentColor;
				CODE_SIGN_STYLE = Automatic;
				CURRENT_PROJECT_VERSION = 1;
				DEVELOPMENT_ASSET_PATHS = "";
				DEVELOPMENT_TEAM = 7UR6VVU8UU;
				ENABLE_PREVIEWS = YES;
				GENERATE_INFOPLIST_FILE = NO;
				INFOPLIST_FILE = DMRandevuGaleri/Info.plist;
				LD_RUNPATH_SEARCH_PATHS = (
					"$(inherited)",
					"@executable_path/Frameworks",
				);
				MARKETING_VERSION = 1.0;
				PRODUCT_BUNDLE_IDENTIFIER = com.dmrandevu.gallery;
				FRAMEWORK_SEARCH_PATHS = (
					"$(inherited)",
					"$(PROJECT_DIR)/Frameworks",
				);
				SWIFT_OBJC_BRIDGING_HEADER = "DMRandevuGaleri/DMRandevuGaleri-Bridging-Header.h";
				// whisper is a static library and does not pull its own dependencies in.
				OTHER_LDFLAGS = (
					"$(inherited)",
					"-framework",
					Metal,
					"-framework",
					Accelerate,
					"-lc++",
				);
				PRODUCT_NAME = "$(TARGET_NAME)";
				SWIFT_EMIT_LOC_STRINGS = YES;
				SWIFT_VERSION = 5.0;
				TARGETED_DEVICE_FAMILY = 1;
			};
			name = Debug;
		};
		DA0000000000000000000063 /* Release */ = {
			isa = XCBuildConfiguration;
			buildSettings = {
				ASSETCATALOG_COMPILER_APPICON_NAME = AppIcon;
				ASSETCATALOG_COMPILER_GLOBAL_ACCENT_COLOR_NAME = AccentColor;
				CODE_SIGN_STYLE = Automatic;
				CURRENT_PROJECT_VERSION = 1;
				DEVELOPMENT_ASSET_PATHS = "";
				DEVELOPMENT_TEAM = 7UR6VVU8UU;
				ENABLE_PREVIEWS = YES;
				GENERATE_INFOPLIST_FILE = NO;
				INFOPLIST_FILE = DMRandevuGaleri/Info.plist;
				LD_RUNPATH_SEARCH_PATHS = (
					"$(inherited)",
					"@executable_path/Frameworks",
				);
				MARKETING_VERSION = 1.0;
				PRODUCT_BUNDLE_IDENTIFIER = com.dmrandevu.gallery;
				FRAMEWORK_SEARCH_PATHS = (
					"$(inherited)",
					"$(PROJECT_DIR)/Frameworks",
				);
				SWIFT_OBJC_BRIDGING_HEADER = "DMRandevuGaleri/DMRandevuGaleri-Bridging-Header.h";
				// whisper is a static library and does not pull its own dependencies in.
				OTHER_LDFLAGS = (
					"$(inherited)",
					"-framework",
					Metal,
					"-framework",
					Accelerate,
					"-lc++",
				);
				PRODUCT_NAME = "$(TARGET_NAME)";
				SWIFT_EMIT_LOC_STRINGS = YES;
				SWIFT_VERSION = 5.0;
				TARGETED_DEVICE_FAMILY = 1;
			};
			name = Release;
		};
		DA0000000000000000000064 /* Debug */ = {
			isa = XCBuildConfiguration;
			buildSettings = {
				BUNDLE_LOADER = "$(TEST_HOST)";
				CODE_SIGN_STYLE = Automatic;
				CURRENT_PROJECT_VERSION = 1;
				DEVELOPMENT_TEAM = 7UR6VVU8UU;
				GENERATE_INFOPLIST_FILE = YES;
				MARKETING_VERSION = 1.0;
				PRODUCT_BUNDLE_IDENTIFIER = com.dmrandevu.gallery.tests;
				PRODUCT_NAME = "$(TARGET_NAME)";
				SWIFT_VERSION = 5.0;
				TARGETED_DEVICE_FAMILY = 1;
				TEST_HOST = "$(BUILT_PRODUCTS_DIR)/DMRandevuGaleri.app/$(BUNDLE_EXECUTABLE_FOLDER_PATH)/DMRandevuGaleri";
			};
			name = Debug;
		};
		DA0000000000000000000065 /* Release */ = {
			isa = XCBuildConfiguration;
			buildSettings = {
				BUNDLE_LOADER = "$(TEST_HOST)";
				CODE_SIGN_STYLE = Automatic;
				CURRENT_PROJECT_VERSION = 1;
				DEVELOPMENT_TEAM = 7UR6VVU8UU;
				GENERATE_INFOPLIST_FILE = YES;
				MARKETING_VERSION = 1.0;
				PRODUCT_BUNDLE_IDENTIFIER = com.dmrandevu.gallery.tests;
				PRODUCT_NAME = "$(TARGET_NAME)";
				SWIFT_VERSION = 5.0;
				TARGETED_DEVICE_FAMILY = 1;
				TEST_HOST = "$(BUILT_PRODUCTS_DIR)/DMRandevuGaleri.app/$(BUNDLE_EXECUTABLE_FOLDER_PATH)/DMRandevuGaleri";
			};
			name = Release;
		};
		DA000000000000000000007A /* Debug */ = {
			isa = XCBuildConfiguration;
			buildSettings = {
				CODE_SIGN_STYLE = Automatic;
				CURRENT_PROJECT_VERSION = 1;
				DEVELOPMENT_TEAM = 7UR6VVU8UU;
				GENERATE_INFOPLIST_FILE = YES;
				MARKETING_VERSION = 1.0;
				PRODUCT_BUNDLE_IDENTIFIER = com.dmrandevu.gallery.uitests;
				PRODUCT_NAME = "$(TARGET_NAME)";
				SWIFT_VERSION = 5.0;
				TARGETED_DEVICE_FAMILY = 1;
				TEST_TARGET_NAME = DMRandevuGaleri;
			};
			name = Debug;
		};
		DA000000000000000000007B /* Release */ = {
			isa = XCBuildConfiguration;
			buildSettings = {
				CODE_SIGN_STYLE = Automatic;
				CURRENT_PROJECT_VERSION = 1;
				DEVELOPMENT_TEAM = 7UR6VVU8UU;
				GENERATE_INFOPLIST_FILE = YES;
				MARKETING_VERSION = 1.0;
				PRODUCT_BUNDLE_IDENTIFIER = com.dmrandevu.gallery.uitests;
				PRODUCT_NAME = "$(TARGET_NAME)";
				SWIFT_VERSION = 5.0;
				TARGETED_DEVICE_FAMILY = 1;
				TEST_TARGET_NAME = DMRandevuGaleri;
			};
			name = Release;
		};
/* End XCBuildConfiguration section */

/* Begin XCConfigurationList section */
		DA0000000000000000000050 /* Build configuration list for PBXProject "DMRandevuGaleri" */ = {
			isa = XCConfigurationList;
			buildConfigurations = (
				DA0000000000000000000060 /* Debug */,
				DA0000000000000000000061 /* Release */,
			);
			defaultConfigurationIsVisible = 0;
			defaultConfigurationName = Release;
		};
		DA0000000000000000000051 /* Build configuration list for PBXNativeTarget "DMRandevuGaleri" */ = {
			isa = XCConfigurationList;
			buildConfigurations = (
				DA0000000000000000000062 /* Debug */,
				DA0000000000000000000063 /* Release */,
			);
			defaultConfigurationIsVisible = 0;
			defaultConfigurationName = Release;
		};
		DA0000000000000000000052 /* Build configuration list for PBXNativeTarget "DMRandevuGaleriTests" */ = {
			isa = XCConfigurationList;
			buildConfigurations = (
				DA0000000000000000000064 /* Debug */,
				DA0000000000000000000065 /* Release */,
			);
			defaultConfigurationIsVisible = 0;
			defaultConfigurationName = Release;
		};
		DA0000000000000000000079 /* Build configuration list for PBXNativeTarget "DMRandevuGaleriUITests" */ = {
			isa = XCConfigurationList;
			buildConfigurations = (
				DA000000000000000000007A /* Debug */,
				DA000000000000000000007B /* Release */,
			);
			defaultConfigurationIsVisible = 0;
			defaultConfigurationName = Release;
		};
/* End XCConfigurationList section */
	};
	rootObject = DA0000000000000000000001 /* Project object */;
}
